// !$*UTF8*$!
{
	archiveVersion = 1;
	classes = {
	};
	objectVersion = 50;
	objects = {

/* Begin PBXBuildFile section */
		7BC4A5983A756673A8DB08FD /* Pods_RxAlamofireDownloadWithProgress.framework in Frameworks */ = {isa = PBXBuildFile; fileRef = DDF883BCD0BDD11A3CBF7B41 /* Pods_RxAlamofireDownloadWithProgress.framework */; };
		95CB694220A70F91006CECC3 /* AppDelegate.swift in Sources */ = {isa = PBXBuildFile; fileRef = 95CB694120A70F91006CECC3 /* AppDelegate.swift */; };
		95CB694420A70F91006CECC3 /* ViewController.swift in Sources */ = {isa = PBXBuildFile; fileRef = 95CB694320A70F91006CECC3 /* ViewController.swift */; };
		95CB694720A70F91006CECC3 /* Main.storyboard in Resources */ = {isa = PBXBuildFile; fileRef = 95CB694520A70F91006CECC3 /* Main.storyboard */; };
		95CB694920A70F92006CECC3 /* Assets.xcassets in Resources */ = {isa = PBXBuildFile; fileRef = 95CB694820A70F92006CECC3 /* Assets.xcassets */; };
		95CB694C20A70F92006CECC3 /* LaunchScreen.storyboard in Resources */ = {isa = PBXBuildFile; fileRef = 95CB694A20A70F92006CECC3 /* LaunchScreen.storyboard */; };
/* End PBXBuildFile section */

/* Begin PBXFileReference section */
		21F799574289BEEA1FF930F4 /* Pods-RxAlamofireDownloadWithProgress.debug.xcconfig */ = {isa = PBXFileReference; includeInIndex = 1; lastKnownFileType = text.xcconfig; name = "Pods-RxAlamofireDownloadWithProgress.debug.xcconfig"; path = "Pods/Target Support Files/Pods-RxAlamofireDownloadWithProgress/Pods-RxAlamofireDownloadWithProgress.debug.xcconfig"; sourceTree = "<group>"; };
		73C5C56FE4A7ABAA17E23E88 /* Pods-RxAlamofireDownloadWithProgress.release.xcconfig */ = {isa = PBXFileReference; includeInIndex = 1; lastKnownFileType = text.xcconfig; name = "Pods-RxAlamofireDownloadWithProgress.release.xcconfig"; path = "Pods/Target Support Files/Pods-RxAlamofireDownloadWithProgress/Pods-RxAlamofireDownloadWithProgress.release.xcconfig"; sourceTree = "<group>"; };
		95CB693E20A70F91006CECC3 /* RxAlamofireDownloadWithProgress.app */ = {isa = PBXFileReference; explicitFileType = wrapper.application; includeInIndex = 0; path = RxAlamofireDownloadWithProgress.app; sourceTree = BUILT_PRODUCTS_DIR; };
		95CB694120A70F91006CECC3 /* AppDelegate.swift */ = {isa = PBXFileReference; lastKnownFileType = sourcecode.swift; path = AppDelegate.swift; sourceTree = "<group>"; };
		95CB694320A70F91006CECC3 /* ViewController.swift */ = {isa = PBXFileReference; lastKnownFileType = sourcecode.swift; path = ViewController.swift; sourceTree = "<group>"; };
		95CB694620A70F91006CECC3 /* Base */ = {isa = PBXFileReference; lastKnownFileType = file.storyboard; name = Base; path = Base.lproj/Main.storyboard; sourceTree = "<group>"; };
		95CB694820A70F92006CECC3 /* Assets.xcassets */ = {isa = PBXFileReference; lastKnownFileType = folder.assetcatalog; path = Assets.xcassets; sourceTree = "<group>"; };
		95CB694B20A70F92006CECC3 /* Base */ = {isa = PBXFileReference; lastKnownFileType = file.storyboard; name = Base; path = Base.lproj/LaunchScreen.storyboard; sourceTree = "<group>"; };
		95CB694D20A70F92006CECC3 /* Info.plist */ = {isa = PBXFileReference; lastKnownFileType = text.plist.xml; path = Info.plist; sourceTree = "<group>"; };
		DDF883BCD0BDD11A3CBF7B41 /* Pods_RxAlamofireDownloadWithProgress.framework */ = {isa = PBXFileReference; explicitFileType = wrapper.framework; includeInIndex = 0; path = Pods_RxAlamofireDownloadWithProgress.framework; sourceTree = BUILT_PRODUCTS_DIR; };
/* End PBXFileReference section */

/* Begin PBXFrameworksBuildPhase section */
		95CB693B20A70F91006CECC3 /* Frameworks */ = {
			isa = PBXFrameworksBuildPhase;
			buildActionMask = 2147483647;
			files = (
				7BC4A5983A756673A8DB08FD /* Pods_RxAlamofireDownloadWithProgress.framework in Frameworks */,
			);
			runOnlyForDeploymentPostprocessing = 0;
		};
/* End PBXFrameworksBuildPhase section */

/* Begin PBXGroup section */
		8B72BB49763A5DE57D8AEDE5 /* Frameworks */ = {
			isa = PBXGroup;
			children = (
				DDF883BCD0BDD11A3CBF7B41 /* Pods_RxAlamofireDownloadWithProgress.framework */,
			);
			name = Frameworks;
			sourceTree = "<group>";
		};
		95CB693520A70F91006CECC3 = {
			isa = PBXGroup;
			children = (
				95CB694020A70F91006CECC3 /* RxAlamofireDownloadWithProgress */,
				95CB693F20A70F91006CECC3 /* Products */,
				CBFE457CF0500A70B6F006D1 /* Pods */,
				8B72BB49763A5DE57D8AEDE5 /* Frameworks */,
			);
			sourceTree = "<group>";
		};
		95CB693F20A70F91006CECC3 /* Products */ = {
			isa = PBXGroup;
			children = (
				95CB693E20A70F91006CECC3 /* RxAlamofireDownloadWithProgress.app */,
			);
			name = Products;
			sourceTree = "<group>";
		};
		95CB694020A70F91006CECC3 /* RxAlamofireDownloadWithProgress */ = {
			isa = PBXGroup;
			children = (
				95CB694120A70F91006CECC3 /* AppDelegate.swift */,
				95CB694320A70F91006CECC3 /* ViewController.swift */,
				95CB694520A70F91006CECC3 /* Main.storyboard */,
				95CB694820A70F92006CECC3 /* Assets.xcassets */,
				95CB694A20A70F92006CECC3 /* LaunchScreen.storyboard */,
				95CB694D20A70F92006CECC3 /* Info.plist */,
			);
			path = RxAlamofireDownloadWithProgress;
			sourceTree = "<group>";
		};
		CBFE457CF0500A70B6F006D1 /* Pods */ = {
			isa = PBXGroup;
			children = (
				21F799574289BEEA1FF930F4 /* Pods-RxAlamofireDownloadWithProgress.debug.xcconfig */,
				73C5C56FE4A7ABAA17E23E88 /* Pods-RxAlamofireDownloadWithProgress.release.xcconfig */,
			);
			name = Pods;
			sourceTree = "<group>";
		};
/* End PBXGroup section */

/* Begin PBXNativeTarget section */
		95CB693D20A70F91006CECC3 /* RxAlamofireDownloadWithProgress */ = {
			isa = PBXNativeTarget;
			buildConfigurationList = 95CB695020A70F92006CECC3 /* Build configuration list for PBXNativeTarget "RxAlamofireDownloadWithProgress" */;
			buildPhases = (
				83C37B18D198110560B0BBC1 /* [CP] Check Pods Manifest.lock */,
				95CB693A20A70F91006CECC3 /* Sources */,
				95CB693B20A70F91006CECC3 /* Frameworks */,
				95CB693C20A70F91006CECC3 /* Resources */,
				AC2D24358D35B7891169A0C6 /* [CP] Embed Pods Frameworks */,
			);
			buildRules = (
			);
			dependencies = (
			);
			name = RxAlamofireDownloadWithProgress;
			productName = RxAlamofireDownloadWithProgress;
			productReference = 95CB693E20A70F91006CECC3 /* RxAlamofireDownloadWithProgress.app */;
			productType = "com.apple.product-type.application";
		};
/* End PBXNativeTarget section */

/* Begin PBXProject section */
		95CB693620A70F91006CECC3 /* Project object */ = {
			isa = PBXProject;
			attributes = {
				LastSwiftUpdateCheck = 0930;
				LastUpgradeCheck = 0930;
				ORGANIZATIONNAME = SwiftUni;
				TargetAttributes = {
					95CB693D20A70F91006CECC3 = {
						CreatedOnToolsVersion = 9.3;
					};
				};
			};
			buildConfigurationList = 95CB693920A70F91006CECC3 /* Build configuration list for PBXProject "RxAlamofireDownloadWithProgress" */;
			compatibilityVersion = "Xcode 9.3";
			developmentRegion = en;
			hasScannedForEncodings = 0;
			knownRegions = (
				en,
				Base,
			);
			mainGroup = 95CB693520A70F91006CECC3;
			productRefGroup = 95CB693F20A70F91006CECC3 /* Products */;
			projectDirPath = "";
			projectRoot = "";
			targets = (
				95CB693D20A70F91006CECC3 /* RxAlamofireDownloadWithProgress */,
			);
		};
/* End PBXProject section */

/* Begin PBXResourcesBuildPhase section */
		95CB693C20A70F91006CECC3 /* Resources */ = {
			isa = PBXResourcesBuildPhase;
			buildActionMask = 2147483647;
			files = (
				95CB694C20A70F92006CECC3 /* LaunchScreen.storyboard in Resources */,
				95CB694920A70F92006CECC3 /* Assets.xcassets in Resources */,
				95CB694720A70F91006CECC3 /* Main.storyboard in Resources */,
			);
			runOnlyForDeploymentPostprocessing = 0;
		};
/* End PBXResourcesBuildPhase section */

/* Begin PBXShellScriptBuildPhase section */
		83C37B18D198110560B0BBC1 /* [CP] Check Pods Manifest.lock */ = {
			isa = PBXShellScriptBuildPhase;
			buildActionMask = 2147483647;
			files = (
			);
			inputPaths = (
				"${PODS_PODFILE_DIR_PATH}/Podfile.lock",
				"${PODS_ROOT}/Manifest.lock",
			);
			name = "[CP] Check Pods Manifest.lock";
			outputPaths = (
				"$(DERIVED_FILE_DIR)/Pods-RxAlamofireDownloadWithProgress-checkManifestLockResult.txt",
			);
			runOnlyForDeploymentPostprocessing = 0;
			shellPath = /bin/sh;
			shellScript = "diff \"${PODS_PODFILE_DIR_PATH}/Podfile.lock\" \"${PODS_ROOT}/Manifest.lock\" > /dev/null\nif [ $? != 0 ] ; then\n    # print error to STDERR\n    echo \"error: The sandbox is not in sync with the Podfile.lock. Run 'pod install' or update your CocoaPods installation.\" >&2\n    exit 1\nfi\n# This output is used by Xcode 'outputs' to avoid re-running this script phase.\necho \"SUCCESS\" > \"${SCRIPT_OUTPUT_FILE_0}\"\n";
			showEnvVarsInLog = 0;
		};
		AC2D24358D35B7891169A0C6 /* [CP] Embed Pods Frameworks */ = {
			isa = PBXShellScriptBuildPhase;
			buildActionMask = 2147483647;
			files = (
			);
			inputPaths = (
				"${SRCROOT}/Pods/Target Support Files/Pods-RxAlamofireDownloadWithProgress/Pods-RxAlamofireDownloadWithProgress-frameworks.sh",
				"${BUILT_PRODUCTS_DIR}/Alamofire/Alamofire.framework",
				"${BUILT_PRODUCTS_DIR}/RxAlamofire/RxAlamofire.framework",
				"${BUILT_PRODUCTS_DIR}/RxCocoa/RxCocoa.framework",
				"${BUILT_PRODUCTS_DIR}/RxSwift/RxSwift.framework",
			);
			name = "[CP] Embed Pods Frameworks";
			outputPaths = (
				"${TARGET_BUILD_DIR}/${FRAMEWORKS_FOLDER_PATH}/Alamofire.framework",
				"${TARGET_BUILD_DIR}/${FRAMEWORKS_FOLDER_PATH}/RxAlamofire.framework",
				"${TARGET_BUILD_DIR}/${FRAMEWORKS_FOLDER_PATH}/RxCocoa.framework",
				"${TARGET_BUILD_DIR}/${FRAMEWORKS_FOLDER_PATH}/RxSwift.framework",
			);
			runOnlyForDeploymentPostprocessing = 0;
			shellPath = /bin/sh;
			shellScript = "\"${SRCROOT}/Pods/Target Support Files/Pods-RxAlamofireDownloadWithProgress/Pods-RxAlamofireDownloadWithProgress-frameworks.sh\"\n";
			showEnvVarsInLog = 0;
		};
/* End PBXShellScriptBuildPhase section */

/* Begin PBXSourcesBuildPhase section */
		95CB693A20A70F91006CECC3 /* Sources */ = {
			isa = PBXSourcesBuildPhase;
			buildActionMask = 2147483647;
			files = (
				95CB694420A70F91006CECC3 /* ViewController.swift in Sources */,
				95CB694220A70F91006CECC3 /* AppDelegate.swift in Sources */,
			);
			runOnlyForDeploymentPostprocessing = 0;
		};
/* End PBXSourcesBuildPhase section */

/* Begin PBXVariantGroup section */
		95CB694520A70F91006CECC3 /* Main.storyboard */ = {
			isa = PBXVariantGroup;
			children = (
				95CB694620A70F91006CECC3 /* Base */,
			);
			name = Main.storyboard;
			sourceTree = "<group>";
		};
		95CB694A20A70F92006CECC3 /* LaunchScreen.storyboard */ = {
			isa = PBXVariantGroup;
			children = (
				95CB694B20A70F92006CECC3 /* Base */,
			);
			name = LaunchScreen.storyboard;
			sourceTree = "<group>";
		};
/* End PBXVariantGroup section */

/* Begin XCBuildConfiguration section */
		95CB694E20A70F92006CECC3 /* Debug */ = {
			isa = XCBuildConfiguration;
			buildSettings = {
				ALWAYS_SEARCH_USER_PATHS = NO;
				CLANG_ANALYZER_NONNULL = YES;
				CLANG_ANALYZER_NUMBER_OBJECT_CONVERSION = YES_AGGRESSIVE;
				CLANG_CXX_LANGUAGE_STANDARD = "gnu++14";
				CLANG_CXX_LIBRARY = "libc++";
				CLANG_ENABLE_MODULES = YES;
				CLANG_ENABLE_OBJC_ARC = YES;
				CLANG_ENABLE_OBJC_WEAK = YES;
				CLANG_WARN_BLOCK_CAPTURE_AUTORELEASING = YES;
				CLANG_WARN_BOOL_CONVERSION = YES;
				CLANG_WARN_COMMA = YES;
				CLANG_WARN_CONSTANT_CONVERSION = YES;
				CLANG_WARN_DEPRECATED_OBJC_IMPLEMENTATIONS = YES;
				CLANG_WARN_DIRECT_OBJC_ISA_USAGE = YES_ERROR;
				CLANG_WARN_DOCUMENTATION_COMMENTS = YES;
				CLANG_WARN_EMPTY_BODY = YES;
				CLANG_WARN_ENUM_CONVERSION = YES;
				CLANG_WARN_INFINITE_RECURSION = YES;
				CLANG_WARN_INT_CONVERSION = YES;
				CLANG_WARN_NON_LITERAL_NULL_CONVERSION = YES;
				CLANG_WARN_OBJC_IMPLICIT_RETAIN_SELF = YES;
				CLANG_WARN_OBJC_LITERAL_CONVERSION = YES;
				CLANG_WARN_OBJC_ROOT_CLASS = YES_ERROR;
				CLANG_WARN_RANGE_LOOP_ANALYSIS = YES;
				CLANG_WARN_STRICT_PROTOTYPES = YES;
				CLANG_WARN_SUSPICIOUS_MOVE = YES;
				CLANG_WARN_UNGUARDED_AVAILABILITY = YES_AGGRESSIVE;
				CLANG_WARN_UNREACHABLE_CODE = YES;
				CLANG_WARN__DUPLICATE_METHOD_MATCH = YES;
				CODE_SIGN_IDENTITY = "iPhone Developer";
				COPY_PHASE_STRIP = NO;
				DEBUG_INFORMATION_FORMAT = dwarf;
				ENABLE_STRICT_OBJC_MSGSEND = YES;
				ENABLE_TESTABILITY = YES;
				GCC_C_LANGUAGE_STANDARD = gnu11;
				GCC_DYNAMIC_NO_PIC = NO;
				GCC_NO_COMMON_BLOCKS = YES;
				GCC_OPTIMIZATION_LEVEL = 0;
				GCC_PREPROCESSOR_DEFINITIONS = (
					"DEBUG=1",
					"$(inherited)",
				);
				GCC_WARN_64_TO_32_BIT_CONVERSION = YES;
				GCC_WARN_ABOUT_RETURN_TYPE = YES_ERROR;
				GCC_WARN_UNDECLARED_SELECTOR = YES;
				GCC_WARN_UNINITIALIZED_AUTOS = YES_AGGRESSIVE;
				GCC_WARN_UNUSED_FUNCTION = YES;
				GCC_WARN_UNUSED_VARIABLE = YES;
				IPHONEOS_DEPLOYMENT_TARGET = 11.3;
				MTL_ENABLE_DEBUG_INFO = YES;
				ONLY_ACTIVE_ARCH = YES;
				SDKROOT = iphoneos;
				SWIFT_ACTIVE_COMPILATION_CONDITIONS = DEBUG;
				SWIFT_OPTIMIZATION_LEVEL = "-Onone";
			};
			name = Debug;
		};
		95CB694F20A70F92006CECC3 /* Release */ = {
			isa = XCBuildConfiguration;
			buildSettings = {
				ALWAYS_SEARCH_USER_PATHS = NO;
				CLANG_ANALYZER_NONNULL = YES;
				CLANG_ANALYZER_NUMBER_OBJECT_CONVERSION = YES_AGGRESSIVE;
				CLANG_CXX_LANGUAGE_STANDARD = "gnu++14";
				CLANG_CXX_LIBRARY = "libc++";
				CLANG_ENABLE_MODULES = YES;
				CLANG_ENABLE_OBJC_ARC = YES;
				CLANG_ENABLE_OBJC_WEAK = YES;
				CLANG_WARN_BLOCK_CAPTURE_AUTORELEASING = YES;
				CLANG_WARN_BOOL_CONVERSION = YES;
				CLANG_WARN_COMMA = YES;
				CLANG_WARN_CONSTANT_CONVERSION = YES;
				CLANG_WARN_DEPRECATED_OBJC_IMPLEMENTATIONS = YES;
				CLANG_WARN_DIRECT_OBJC_ISA_USAGE = YES_ERROR;
				CLANG_WARN_DOCUMENTATION_COMMENTS = YES;
				CLANG_WARN_EMPTY_BODY = YES;
				CLANG_WARN_ENUM_CONVERSION = YES;
				CLANG_WARN_INFINITE_RECURSION = YES;
				CLANG_WARN_INT_CONVERSION = YES;
				CLANG_WARN_NON_LITERAL_NULL_CONVERSION = YES;
				CLANG_WARN_OBJC_IMPLICIT_RETAIN_SELF = YES;
				CLANG_WARN_OBJC_LITERAL_CONVERSION = YES;
				CLANG_WARN_OBJC_ROOT_CLASS = YES_ERROR;
				CLANG_WARN_RANGE_LOOP_ANALYSIS = YES;
				CLANG_WARN_STRICT_PROTOTYPES = YES;
				CLANG_WARN_SUSPICIOUS_MOVE = YES;
				CLANG_WARN_UNGUARDED_AVAILABILITY = YES_AGGRESSIVE;
				CLANG_WARN_UNREACHABLE_CODE = YES;
				CLANG_WARN__DUPLICATE_METHOD_MATCH = YES;
				CODE_SIGN_IDENTITY = "iPhone Developer";
				COPY_PHASE_STRIP = NO;
				DEBUG_INFORMATION_FORMAT = "dwarf-with-dsym";
				ENABLE_NS_ASSERTIONS = NO;
				ENABLE_STRICT_OBJC_MSGSEND = YES;
				GCC_C_LANGUAGE_STANDARD = gnu11;
				GCC_NO_COMMON_BLOCKS = YES;
				GCC_WARN_64_TO_32_BIT_CONVERSION = YES;
				GCC_WARN_ABOUT_RETURN_TYPE = YES_ERROR;
				GCC_WARN_UNDECLARED_SELECTOR = YES;
				GCC_WARN_UNINITIALIZED_AUTOS = YES_AGGRESSIVE;
				GCC_WARN_UNUSED_FUNCTION = YES;
				GCC_WARN_UNUSED_VARIABLE = YES;
				IPHONEOS_DEPLOYMENT_TARGET = 11.3;
				MTL_ENABLE_DEBUG_INFO = NO;
				SDKROOT = iphoneos;
				SWIFT_COMPILATION_MODE = wholemodule;
				SWIFT_OPTIMIZATION_LEVEL = "-O";
				VALIDATE_PRODUCT = YES;
			};
			name = Release;
		};
		95CB695120A70F92006CECC3 /* Debug */ = {
			isa = XCBuildConfiguration;
			baseConfigurationReference = 21F799574289BEEA1FF930F4 /* Pods-RxAlamofireDownloadWithProgress.debug.xcconfig */;
			buildSettings = {
				ASSETCATALOG_COMPILER_APPICON_NAME = AppIcon;
				CODE_SIGN_STYLE = Automatic;
				INFOPLIST_FILE = RxAlamofireDownloadWithProgress/Info.plist;
				LD_RUNPATH_SEARCH_PATHS = "$(inherited) @executable_path/Frameworks";
				PRODUCT_BUNDLE_IDENTIFIER = com.sandbox.RxAlamofireDownloadWithProgress;
				PRODUCT_NAME = "$(TARGET_NAME)";
				SWIFT_VERSION = 4.0;
				TARGETED_DEVICE_FAMILY = "1,2";
			};
			name = Debug;
		};
		95CB695220A70F92006CECC3 /* Release */ = {
			isa = XCBuildConfiguration;
			baseConfigurationReference = 73C5C56FE4A7ABAA17E23E88 /* Pods-RxAlamofireDownloadWithProgress.release.xcconfig */;
			buildSettings = {
				ASSETCATALOG_COMPILER_APPICON_NAME = AppIcon;
				CODE_SIGN_STYLE = Automatic;
				INFOPLIST_FILE = RxAlamofireDownloadWithProgress/Info.plist;
				LD_RUNPATH_SEARCH_PATHS = "$(inherited) @executable_path/Frameworks";
				PRODUCT_BUNDLE_IDENTIFIER = com.sandbox.RxAlamofireDownloadWithProgress;
				PRODUCT_NAME = "$(TARGET_NAME)";
				SWIFT_VERSION = 4.0;
				TARGETED_DEVICE_FAMILY = "1,2";
			};
			name = Release;
		};
/* End XCBuildConfiguration section */

/* Begin XCConfigurationList section */
		95CB693920A70F91006CECC3 /* Build configuration list for PBXProject "RxAlamofireDownloadWithProgress" */ = {
			isa = XCConfigurationList;
			buildConfigurations = (
				95CB694E20A70F92006CECC3 /* Debug */,
				95CB694F20A70F92006CECC3 /* Release */,
			);
			defaultConfigurationIsVisible = 0;
			defaultConfigurationName = Release;
		};
		95CB695020A70F92006CECC3 /* Build configuration list for PBXNativeTarget "RxAlamofireDownloadWithProgress" */ = {
			isa = XCConfigurationList;
			buildConfigurations = (
				95CB695120A70F92006CECC3 /* Debug */,
				95CB695220A70F92006CECC3 /* Release */,
			);
			defaultConfigurationIsVisible = 0;
			defaultConfigurationName = Release;
		};
/* End XCConfigurationList section */
	};
	rootObject = 95CB693620A70F91006CECC3 /* Project object */;
}
